
Microsoft Visual Studio Solution File, Format Version 12.00
# Visual Studio Version 16
VisualStudioVersion = 16.0.29709.97
MinimumVisualStudioVersion = 10.0.40219.1
Project("{FAE04EC0-301F-11D3-BF4B-00C04F79EFBC}") = "Colonize.Website", "Colonize.Website\Colonize.Website.csproj", "{B662856B-96C3-4AF1-A43F-28E303759239}"
EndProject
Global
	GlobalSection(SolutionConfigurationPlatforms) = preSolution
		Debug|Any CPU = Debug|Any CPU
		Release|Any CPU = Release|Any CPU
	EndGlobalSection
	GlobalSection(ProjectConfigurationPlatforms) = postSolution
		{B662856B-96C3-4AF1-A43F-28E303759239}.Debug|Any CPU.ActiveCfg = Debug|Any CPU
		{B662856B-96C3-4AF1-A43F-28E303759239}.Debug|Any CPU.Build.0 = Debug|Any CPU
		{B662856B-96C3-4AF1-A43F-28E303759239}.Release|Any CPU.ActiveCfg = Release|Any CPU
		{B662856B-96C3-4AF1-A43F-28E303759239}.Release|Any CPU.Build.0 = Release|Any CPU
	EndGlobalSection
	GlobalSection(SolutionProperties) = preSolution
		HideSolutionNode = FALSE
	EndGlobalSection
	GlobalSection(ExtensibilityGlobals) = postSolution
		SolutionGuid = {894BBAB5-C49D-4406-BBE7-CCDB0670E339}
	EndGlobalSection
EndGlobal
